
Microsoft Visual Studio Solution File, Format Version 12.00
# Visual Studio Version 16
VisualStudioVersion = 16.0.31424.327
MinimumVisualStudioVersion = 10.0.40219.1
Project("{FAE04EC0-301F-11D3-BF4B-00C04F79EFBC}") = "HarryPotter_Game", "HarryPotterHorcrux_Game\HarryPotter_Game.csproj", "{D16BEB2C-8CB3-4F62-8BF1-3F6F28C21E48}"
EndProject
Global
	GlobalSection(SolutionConfigurationPlatforms) = preSolution
		Debug|Any CPU = Debug|Any CPU
		Release|Any CPU = Release|Any CPU
	EndGlobalSection
	GlobalSection(ProjectConfigurationPlatforms) = postSolution
		{D16BEB2C-8CB3-4F62-8BF1-3F6F28C21E48}.Debug|Any CPU.ActiveCfg = Debug|Any CPU
		{D16BEB2C-8CB3-4F62-8BF1-3F6F28C21E48}.Debug|Any CPU.Build.0 = Debug|Any CPU
		{D16BEB2C-8CB3-4F62-8BF1-3F6F28C21E48}.Release|Any CPU.ActiveCfg = Release|Any CPU
		{D16BEB2C-8CB3-4F62-8BF1-3F6F28C21E48}.Release|Any CPU.Build.0 = Release|Any CPU
	EndGlobalSection
	GlobalSection(SolutionProperties) = preSolution
		HideSolutionNode = FALSE
	EndGlobalSection
	GlobalSection(ExtensibilityGlobals) = postSolution
		SolutionGuid = {BB103B9A-008B-409D-9689-2BFAF49DDFB8}
	EndGlobalSection
EndGlobal
